hash: a3dc768cca1535232ecb03ad85c583eccbead04fe67d561091c0d7aed06ec2cd
updated: 2019-05-17T19:13:26.313842179+05:30
imports:
- name: github.com/fsnotify/fsnotify
  version: 1485a34d5d5723fea214f5710708e19a831720e4
- name: github.com/go-ozzo/ozzo-validation
  version: 2f76ea62300c36e72bd56c804484cb6db53b69a5
- name: github.com/go-playground/validator
  version: 46b4b1e301c24cac870ffcb4ba5c8a703d1ef475
- name: github.com/hashicorp/hcl
  version: 99e2f22d1c94b272184d97dd9d252866409100ab
  subpackages:
  - hcl/ast
  - hcl/parser
  - hcl/printer
  - hcl/scanner
  - hcl/strconv
  - hcl/token
  - json/parser
  - json/scanner
  - json/token
- name: github.com/konsorten/go-windows-terminal-sequences
  version: f55edac94c9bbba5d6182a4be46d86a2c9b5b50e
- name: github.com/labstack/echo
  version: 5d2c33ad5dbb78540a56dd08d09d91f991bc3156
- name: github.com/labstack/gommon
  version: 82ef680aef5189b68682876cf70d09daa4ac0f51
  subpackages:
  - color
  - log
- name: github.com/magiconair/properties
  version: de8848e004dd33dc07a2947b3d76f618a7fc7ef1
- name: github.com/mattn/go-colorable
  version: 3a70a971f94a22f2fa562ffcc7a0eb45f5daf045
- name: github.com/mattn/go-isatty
  version: c1975dc15c1d481e8da23f6ed313bb071136b98f
- name: github.com/mitchellh/mapstructure
  version: 3536a929edddb9a5b34bd6861dc4a9647cb459fe
- name: github.com/pelletier/go-toml
  version: 728039f679cbcd4f6a54e080d2219a4c4928c546
- name: github.com/Sirupsen/logrus
  version: f0375eb5b588893ff556c71dee32d98e57a9b777
- name: github.com/spf13/afero
  version: 588a75ec4f32903aa5e39a2619ba6a4631e28424
  subpackages:
  - mem
- name: github.com/spf13/cast
  version: 8c9545af88b134710ab1cd196795e7f2388358d7
- name: github.com/spf13/jwalterweatherman
  version: 94f6ae3ed3bceceafa716478c5fbf8d29ca601a1
- name: github.com/spf13/pflag
  version: 24fa6976df40757dce6aea913e7b81ade90530e1
- name: github.com/spf13/viper
  version: 9e56dacc08fbbf8c9ee2dbc717553c758ce42bc9
- name: github.com/valyala/bytebufferpool
  version: cdfbe9377474227bb42120c1e22fd4433e7f69bf
- name: github.com/valyala/fasttemplate
  version: 8b5e4e491ab636663841c42ea3c5a9adebabaf36
- name: golang.org/x/crypto
  version: 22d7a77e9e5f409e934ed268692e56707cd169e5
  subpackages:
  - acme
  - acme/autocert
- name: golang.org/x/net
  version: 3ec19112720433827bbce8be9342797f5a6aaaf9
  subpackages:
  - idna
- name: golang.org/x/sys
  version: 61b9204099cb1bebc803c9ffb9b2d3acd9d457d9
  subpackages:
  - unix
- name: golang.org/x/text
  version: 342b2e1fbaa52c93f31447ad2c6abc048c63e475
  subpackages:
  - secure/bidirule
  - transform
  - unicode/bidi
  - unicode/norm
- name: gopkg.in/go-playground/validator.v9
  version: 46b4b1e301c24cac870ffcb4ba5c8a703d1ef475
- name: gopkg.in/mgo.v2
  version: 9856a29383ce1c59f308dd1cf0363a79b5bef6b5
  subpackages:
  - bson
  - internal/json
  - internal/sasl
  - internal/scram
- name: gopkg.in/yaml.v2
  version: 51d6538a90f86fe93ac480b35f37b2be17fef232
testImports: []
